<?xml version="1.0" encoding="utf-8"?>
<Project ToolsVersion="4.0" xmlns="http://schemas.microsoft.com/developer/msbuild/2003">
  <ItemGroup>
    <ClCompile Include="Core\UIContainer.cpp" />
    <ClCompile Include="Core\UIControl.cpp" />
    <ClCompile Include="Core\UIDelegate.cpp" />
    <ClCompile Include="Core\UIDragDropImpl.cpp" />
    <ClCompile Include="Core\UIManager.cpp" />
    <ClCompile Include="Core\UIMarkup.cpp" />
    <ClCompile Include="Core\UIRender.cpp" />
    <ClCompile Include="Core\UIResourceManager.cpp" />
    <ClCompile Include="Core\UIScrollBar.cpp" />
    <ClCompile Include="Core\UIShadow.cpp" />
    <ClCompile Include="Core\UIWindow.cpp" />
    <ClCompile Include="Control\UIButton.cpp" />
    <ClCompile Include="Control\UILabel.cpp" />
    <ClCompile Include="Utils\DPI.cpp" />
    <ClCompile Include="Utils\unzip.cpp" />
    <ClCompile Include="Utils\Utils.cpp" />
    <ClCompile Include="Layout\UITileLayout.cpp" />
    <ClCompile Include="Layout\UITabLayout.cpp" />
    <ClCompile Include="Core\UIDefine.cpp" />
  </ItemGroup>
  <ItemGroup>
    <ClInclude Include="Core\UIContainer.h" />
    <ClInclude Include="Core\UIControl.h" />
    <ClInclude Include="Core\UIDefine.h" />
    <ClInclude Include="Core\UIDelegate.h" />
    <ClInclude Include="Core\UIDragDropImpl.h" />
    <ClInclude Include="Core\UIManager.h" />
    <ClInclude Include="Core\UIMarkup.h" />
    <ClInclude Include="Core\UIRender.h" />
    <ClInclude Include="Core\UIResourceManager.h" />
    <ClInclude Include="Core\UIScrollBar.h" />
    <ClInclude Include="Core\UIShadow.h" />
    <ClInclude Include="Core\UIWindow.h" />
    <ClInclude Include="Control\UIButton.h" />
    <ClInclude Include="Control\UILabel.h" />
    <ClInclude Include="Utils\downloadmgr.h" />
    <ClInclude Include="Utils\DPI.h" />
    <ClInclude Include="Utils\FlashEventHandler.h" />
    <ClInclude Include="Utils\observer_impl_base.h" />
    <ClInclude Include="Utils\stb_image.h" />
    <ClInclude Include="Utils\unzip.h" />
    <ClInclude Include="Utils\Utils.h" />
    <ClInclude Include="Utils\VersionHelpers.h" />
    <ClInclude Include="Utils\WebBrowserEventHandler.h" />
    <ClInclude Include="DUILib.h" />
    <ClInclude Include="Layout\UITileLayout.h" />
    <ClInclude Include="Layout\UITabLayout.h" />
  </ItemGroup>
</Project>